Microsoft Visual Studio Solution File, Format Version 12.00
# Visual Studio Version 17
VisualStudioVersion = 17.5.2.0
MinimumVisualStudioVersion = 10.0.40219.1
Project("{FAE04EC0-301F-11D3-BF4B-00C04F79EFBC}") = "BiquadCS", "BiquadCS.csproj", "{48BDB0EC-8918-F49A-46F8-22869B9CA661}"
EndProject
Global
	GlobalSection(SolutionConfigurationPlatforms) = preSolution
		Debug|Any CPU = Debug|Any CPU
		Release|Any CPU = Release|Any CPU
	EndGlobalSection
	GlobalSection(ProjectConfigurationPlatforms) = postSolution
		{48BDB0EC-8918-F49A-46F8-22869B9CA661}.Debug|Any CPU.ActiveCfg = Debug|Any CPU
		{48BDB0EC-8918-F49A-46F8-22869B9CA661}.Debug|Any CPU.Build.0 = Debug|Any CPU
		{48BDB0EC-8918-F49A-46F8-22869B9CA661}.Release|Any CPU.ActiveCfg = Release|Any CPU
		{48BDB0EC-8918-F49A-46F8-22869B9CA661}.Release|Any CPU.Build.0 = Release|Any CPU
	EndGlobalSection
	GlobalSection(SolutionProperties) = preSolution
		HideSolutionNode = FALSE
	EndGlobalSection
	GlobalSection(ExtensibilityGlobals) = postSolution
		SolutionGuid = {4DC22A69-84AF-46EE-9ADA-D4215AFBE4D0}
	EndGlobalSection
EndGlobal
